schema: '2.0'
stages:
  prepare:
    cmd: python src/data_cleaning.py
    deps:
    - path: data/raw/housing.csv
      hash: md5
      md5: ca5b757f0729c68d74d05bf9d9ca8486
      size: 1895154
    - path: src/data_cleaning.py
      hash: md5
      md5: 802090b750556b18bef8158c1f552fb6
      size: 1288
    outs:
    - path: data/processed/housing_clean.csv
      hash: md5
      md5: 9678c1275971a62a6fa48dd388a8a96a
      size: 1911745
  featurize:
    cmd: python src/feature_engineering.py
    deps:
    - path: data/processed/housing_clean.csv
      hash: md5
      md5: 9678c1275971a62a6fa48dd388a8a96a
      size: 1911745
    - path: src/feature_engineering.py
      hash: md5
      md5: 968e687bedabef1ef358be224ab52b8e
      size: 1040
    outs:
    - path: data/features/housing_features.csv
      hash: md5
      md5: bb3c7067d16a3706e2a32400a2ba2c9c
      size: 3372928
